// !$*UTF8*$!
{
	archiveVersion = 1;
	classes = {
	};
	objectVersion = 77;
	objects = {

/* Begin PBXBuildFile section */
		3FE41A9B2CBD6898001B60A1 /* DatadogCore in Frameworks */ = {isa = PBXBuildFile; productRef = 3FE41A9A2CBD6898001B60A1 /* DatadogCore */; };
		3FE41A9D2CBD6898001B60A1 /* DatadogCrashReporting in Frameworks */ = {isa = PBXBuildFile; productRef = 3FE41A9C2CBD6898001B60A1 /* DatadogCrashReporting */; };
		3FE41A9F2CBD6898001B60A1 /* DatadogLogs in Frameworks */ = {isa = PBXBuildFile; productRef = 3FE41A9E2CBD6898001B60A1 /* DatadogLogs */; };
		3FE41AA12CBD6898001B60A1 /* DatadogObjc in Frameworks */ = {isa = PBXBuildFile; productRef = 3FE41AA02CBD6898001B60A1 /* DatadogObjc */; };
		3FE41AA32CBD6898001B60A1 /* DatadogRUM in Frameworks */ = {isa = PBXBuildFile; productRef = 3FE41AA22CBD6898001B60A1 /* DatadogRUM */; };
		3FE41AA52CBD6898001B60A1 /* DatadogSessionReplay in Frameworks */ = {isa = PBXBuildFile; productRef = 3FE41AA42CBD6898001B60A1 /* DatadogSessionReplay */; };
		3FE41AA72CBD6898001B60A1 /* DatadogTrace in Frameworks */ = {isa = PBXBuildFile; productRef = 3FE41AA62CBD6898001B60A1 /* DatadogTrace */; };
		3FE41AA92CBD6898001B60A1 /* DatadogWebViewTracking in Frameworks */ = {isa = PBXBuildFile; productRef = 3FE41AA82CBD6898001B60A1 /* DatadogWebViewTracking */; };
/* End PBXBuildFile section */

/* Begin PBXContainerItemProxy section */
		3FE41A7A2CBD680B001B60A1 /* PBXContainerItemProxy */ = {
			isa = PBXContainerItemProxy;
			containerPortal = 3FE41A5B2CBD680A001B60A1 /* Project object */;
			proxyType = 1;
			remoteGlobalIDString = 3FE41A622CBD680A001B60A1;
			remoteInfo = "ios-app";
		};
		3FE41A842CBD680B001B60A1 /* PBXContainerItemProxy */ = {
			isa = PBXContainerItemProxy;
			containerPortal = 3FE41A5B2CBD680A001B60A1 /* Project object */;
			proxyType = 1;
			remoteGlobalIDString = 3FE41A622CBD680A001B60A1;
			remoteInfo = "ios-app";
		};
/* End PBXContainerItemProxy section */

/* Begin PBXFileReference section */
		3FE41A632CBD680A001B60A1 /* ios-app.app */ = {isa = PBXFileReference; explicitFileType = wrapper.application; includeInIndex = 0; path = "ios-app.app"; sourceTree = BUILT_PRODUCTS_DIR; };
		3FE41A792CBD680B001B60A1 /* ios-appTests.xctest */ = {isa = PBXFileReference; explicitFileType = wrapper.cfbundle; includeInIndex = 0; path = "ios-appTests.xctest"; sourceTree = BUILT_PRODUCTS_DIR; };
		3FE41A832CBD680B001B60A1 /* ios-appUITests.xctest */ = {isa = PBXFileReference; explicitFileType = wrapper.cfbundle; includeInIndex = 0; path = "ios-appUITests.xctest"; sourceTree = BUILT_PRODUCTS_DIR; };
/* End PBXFileReference section */

/* Begin PBXFileSystemSynchronizedBuildFileExceptionSet section */
		3FE41A8B2CBD680B001B60A1 /* Exceptions for "ios-app" folder in "ios-app" target */ = {
			isa = PBXFileSystemSynchronizedBuildFileExceptionSet;
			membershipExceptions = (
				Info.plist,
			);
			target = 3FE41A622CBD680A001B60A1 /* ios-app */;
		};
/* End PBXFileSystemSynchronizedBuildFileExceptionSet section */

/* Begin PBXFileSystemSynchronizedRootGroup section */
		3FE41A652CBD680A001B60A1 /* ios-app */ = {
			isa = PBXFileSystemSynchronizedRootGroup;
			exceptions = (
				3FE41A8B2CBD680B001B60A1 /* Exceptions for "ios-app" folder in "ios-app" target */,
			);
			path = "ios-app";
			sourceTree = "<group>";
		};
		3FE41A7C2CBD680B001B60A1 /* ios-appTests */ = {
			isa = PBXFileSystemSynchronizedRootGroup;
			path = "ios-appTests";
			sourceTree = "<group>";
		};
		3FE41A862CBD680B001B60A1 /* ios-appUITests */ = {
			isa = PBXFileSystemSynchronizedRootGroup;
			path = "ios-appUITests";
			sourceTree = "<group>";
		};
/* End PBXFileSystemSynchronizedRootGroup section */

/* Begin PBXFrameworksBuildPhase section */
		3FE41A602CBD680A001B60A1 /* Frameworks */ = {
			isa = PBXFrameworksBuildPhase;
			buildActionMask = 2147483647;
			files = (
				3FE41A9D2CBD6898001B60A1 /* DatadogCrashReporting in Frameworks */,
				3FE41AA52CBD6898001B60A1 /* DatadogSessionReplay in Frameworks */,
				3FE41AA32CBD6898001B60A1 /* DatadogRUM in Frameworks */,
				3FE41AA12CBD6898001B60A1 /* DatadogObjc in Frameworks */,
				3FE41A9F2CBD6898001B60A1 /* DatadogLogs in Frameworks */,
				3FE41A9B2CBD6898001B60A1 /* DatadogCore in Frameworks */,
				3FE41AA92CBD6898001B60A1 /* DatadogWebViewTracking in Frameworks */,
				3FE41AA72CBD6898001B60A1 /* DatadogTrace in Frameworks */,
			);
			runOnlyForDeploymentPostprocessing = 0;
		};
		3FE41A762CBD680B001B60A1 /* Frameworks */ = {
			isa = PBXFrameworksBuildPhase;
			buildActionMask = 2147483647;
			files = (
			);
			runOnlyForDeploymentPostprocessing = 0;
		};
		3FE41A802CBD680B001B60A1 /* Frameworks */ = {
			isa = PBXFrameworksBuildPhase;
			buildActionMask = 2147483647;
			files = (
			);
			runOnlyForDeploymentPostprocessing = 0;
		};
/* End PBXFrameworksBuildPhase section */

/* Begin PBXGroup section */
		3FE41A5A2CBD680A001B60A1 = {
			isa = PBXGroup;
			children = (
				3FE41A652CBD680A001B60A1 /* ios-app */,
				3FE41A7C2CBD680B001B60A1 /* ios-appTests */,
				3FE41A862CBD680B001B60A1 /* ios-appUITests */,
				3FE41A642CBD680A001B60A1 /* Products */,
			);
			sourceTree = "<group>";
		};
		3FE41A642CBD680A001B60A1 /* Products */ = {
			isa = PBXGroup;
			children = (
				3FE41A632CBD680A001B60A1 /* ios-app.app */,
				3FE41A792CBD680B001B60A1 /* ios-appTests.xctest */,
				3FE41A832CBD680B001B60A1 /* ios-appUITests.xctest */,
			);
			name = Products;
			sourceTree = "<group>";
		};
/* End PBXGroup section */

/* Begin PBXNativeTarget section */
		3FE41A622CBD680A001B60A1 /* ios-app */ = {
			isa = PBXNativeTarget;
			buildConfigurationList = 3FE41A8C2CBD680B001B60A1 /* Build configuration list for PBXNativeTarget "ios-app" */;
			buildPhases = (
				3FE41A5F2CBD680A001B60A1 /* Sources */,
				3FE41A602CBD680A001B60A1 /* Frameworks */,
				3FE41A612CBD680A001B60A1 /* Resources */,
			);
			buildRules = (
			);
			dependencies = (
			);
			fileSystemSynchronizedGroups = (
				3FE41A652CBD680A001B60A1 /* ios-app */,
			);
			name = "ios-app";
			packageProductDependencies = (
				3FE41A9A2CBD6898001B60A1 /* DatadogCore */,
				3FE41A9C2CBD6898001B60A1 /* DatadogCrashReporting */,
				3FE41A9E2CBD6898001B60A1 /* DatadogLogs */,
				3FE41AA02CBD6898001B60A1 /* DatadogObjc */,
				3FE41AA22CBD6898001B60A1 /* DatadogRUM */,
				3FE41AA42CBD6898001B60A1 /* DatadogSessionReplay */,
				3FE41AA62CBD6898001B60A1 /* DatadogTrace */,
				3FE41AA82CBD6898001B60A1 /* DatadogWebViewTracking */,
			);
			productName = "ios-app";
			productReference = 3FE41A632CBD680A001B60A1 /* ios-app.app */;
			productType = "com.apple.product-type.application";
		};
		3FE41A782CBD680B001B60A1 /* ios-appTests */ = {
			isa = PBXNativeTarget;
			buildConfigurationList = 3FE41A912CBD680B001B60A1 /* Build configuration list for PBXNativeTarget "ios-appTests" */;
			buildPhases = (
				3FE41A752CBD680B001B60A1 /* Sources */,
				3FE41A762CBD680B001B60A1 /* Frameworks */,
				3FE41A772CBD680B001B60A1 /* Resources */,
			);
			buildRules = (
			);
			dependencies = (
				3FE41A7B2CBD680B001B60A1 /* PBXTargetDependency */,
			);
			fileSystemSynchronizedGroups = (
				3FE41A7C2CBD680B001B60A1 /* ios-appTests */,
			);
			name = "ios-appTests";
			packageProductDependencies = (
			);
			productName = "ios-appTests";
			productReference = 3FE41A792CBD680B001B60A1 /* ios-appTests.xctest */;
			productType = "com.apple.product-type.bundle.unit-test";
		};
		3FE41A822CBD680B001B60A1 /* ios-appUITests */ = {
			isa = PBXNativeTarget;
			buildConfigurationList = 3FE41A942CBD680B001B60A1 /* Build configuration list for PBXNativeTarget "ios-appUITests" */;
			buildPhases = (
				3FE41A7F2CBD680B001B60A1 /* Sources */,
				3FE41A802CBD680B001B60A1 /* Frameworks */,
				3FE41A812CBD680B001B60A1 /* Resources */,
			);
			buildRules = (
			);
			dependencies = (
				3FE41A852CBD680B001B60A1 /* PBXTargetDependency */,
			);
			fileSystemSynchronizedGroups = (
				3FE41A862CBD680B001B60A1 /* ios-appUITests */,
			);
			name = "ios-appUITests";
			packageProductDependencies = (
			);
			productName = "ios-appUITests";
			productReference = 3FE41A832CBD680B001B60A1 /* ios-appUITests.xctest */;
			productType = "com.apple.product-type.bundle.ui-testing";
		};
/* End PBXNativeTarget section */

/* Begin PBXProject section */
		3FE41A5B2CBD680A001B60A1 /* Project object */ = {
			isa = PBXProject;
			attributes = {
				BuildIndependentTargetsInParallel = 1;
				LastSwiftUpdateCheck = 1600;
				LastUpgradeCheck = 1600;
				TargetAttributes = {
					3FE41A622CBD680A001B60A1 = {
						CreatedOnToolsVersion = 16.0;
					};
					3FE41A782CBD680B001B60A1 = {
						CreatedOnToolsVersion = 16.0;
						TestTargetID = 3FE41A622CBD680A001B60A1;
					};
					3FE41A822CBD680B001B60A1 = {
						CreatedOnToolsVersion = 16.0;
						TestTargetID = 3FE41A622CBD680A001B60A1;
					};
				};
			};
			buildConfigurationList = 3FE41A5E2CBD680A001B60A1 /* Build configuration list for PBXProject "ios-app" */;
			developmentRegion = en;
			hasScannedForEncodings = 0;
			knownRegions = (
				en,
				Base,
			);
			mainGroup = 3FE41A5A2CBD680A001B60A1;
			minimizedProjectReferenceProxies = 1;
			packageReferences = (
				3FE41A992CBD6898001B60A1 /* XCRemoteSwiftPackageReference "dd-sdk-ios" */,
			);
			preferredProjectObjectVersion = 77;
			productRefGroup = 3FE41A642CBD680A001B60A1 /* Products */;
			projectDirPath = "";
			projectRoot = "";
			targets = (
				3FE41A622CBD680A001B60A1 /* ios-app */,
				3FE41A782CBD680B001B60A1 /* ios-appTests */,
				3FE41A822CBD680B001B60A1 /* ios-appUITests */,
			);
		};
/* End PBXProject section */

/* Begin PBXResourcesBuildPhase section */
		3FE41A612CBD680A001B60A1 /* Resources */ = {
			isa = PBXResourcesBuildPhase;
			buildActionMask = 2147483647;
			files = (
			);
			runOnlyForDeploymentPostprocessing = 0;
		};
		3FE41A772CBD680B001B60A1 /* Resources */ = {
			isa = PBXResourcesBuildPhase;
			buildActionMask = 2147483647;
			files = (
			);
			runOnlyForDeploymentPostprocessing = 0;
		};
		3FE41A812CBD680B001B60A1 /* Resources */ = {
			isa = PBXResourcesBuildPhase;
			buildActionMask = 2147483647;
			files = (
			);
			runOnlyForDeploymentPostprocessing = 0;
		};
/* End PBXResourcesBuildPhase section */

/* Begin PBXSourcesBuildPhase section */
		3FE41A5F2CBD680A001B60A1 /* Sources */ = {
			isa = PBXSourcesBuildPhase;
			buildActionMask = 2147483647;
			files = (
			);
			runOnlyForDeploymentPostprocessing = 0;
		};
		3FE41A752CBD680B001B60A1 /* Sources */ = {
			isa = PBXSourcesBuildPhase;
			buildActionMask = 2147483647;
			files = (
			);
			runOnlyForDeploymentPostprocessing = 0;
		};
		3FE41A7F2CBD680B001B60A1 /* Sources */ = {
			isa = PBXSourcesBuildPhase;
			buildActionMask = 2147483647;
			files = (
			);
			runOnlyForDeploymentPostprocessing = 0;
		};
/* End PBXSourcesBuildPhase section */

/* Begin PBXTargetDependency section */
		3FE41A7B2CBD680B001B60A1 /* PBXTargetDependency */ = {
			isa = PBXTargetDependency;
			target = 3FE41A622CBD680A001B60A1 /* ios-app */;
			targetProxy = 3FE41A7A2CBD680B001B60A1 /* PBXContainerItemProxy */;
		};
		3FE41A852CBD680B001B60A1 /* PBXTargetDependency */ = {
			isa = PBXTargetDependency;
			target = 3FE41A622CBD680A001B60A1 /* ios-app */;
			targetProxy = 3FE41A842CBD680B001B60A1 /* PBXContainerItemProxy */;
		};
/* End PBXTargetDependency section */

/* Begin XCBuildConfiguration section */
		3FE41A8D2CBD680B001B60A1 /* Debug */ = {
			isa = XCBuildConfiguration;
			buildSettings = {
				ASSETCATALOG_COMPILER_APPICON_NAME = AppIcon;
				ASSETCATALOG_COMPILER_GLOBAL_ACCENT_COLOR_NAME = AccentColor;
				CODE_SIGN_STYLE = Automatic;
				CURRENT_PROJECT_VERSION = 1;
				DEVELOPMENT_TEAM = 582759BX86;
				GENERATE_INFOPLIST_FILE = YES;
				INFOPLIST_FILE = "ios-app/Info.plist";
				INFOPLIST_KEY_UIApplicationSupportsIndirectInputEvents = YES;
				INFOPLIST_KEY_UILaunchStoryboardName = LaunchScreen;
				INFOPLIST_KEY_UIMainStoryboardFile = Main;
				INFOPLIST_KEY_UISupportedInterfaceOrientations_iPad = "UIInterfaceOrientationPortrait UIInterfaceOrientationPortraitUpsideDown UIInterfaceOrientationLandscapeLeft UIInterfaceOrientationLandscapeRight";
				INFOPLIST_KEY_UISupportedInterfaceOrientations_iPhone = "UIInterfaceOrientationPortrait UIInterfaceOrientationLandscapeLeft UIInterfaceOrientationLandscapeRight";
				LD_RUNPATH_SEARCH_PATHS = (
					"$(inherited)",
					"@executable_path/Frameworks",
				);
				MARKETING_VERSION = 1.0;
				PRODUCT_BUNDLE_IDENTIFIER = "Datadog.ios-app";
				PRODUCT_NAME = "$(TARGET_NAME)";
				SWIFT_EMIT_LOC_STRINGS = YES;
				SWIFT_VERSION = 5.0;
				TARGETED_DEVICE_FAMILY = "1,2";
			};
			name = Debug;
		};
		3FE41A8E2CBD680B001B60A1 /* Release */ = {
			isa = XCBuildConfiguration;
			buildSettings = {
				ASSETCATALOG_COMPILER_APPICON_NAME = AppIcon;
				ASSETCATALOG_COMPILER_GLOBAL_ACCENT_COLOR_NAME = AccentColor;
				CODE_SIGN_STYLE = Automatic;
				CURRENT_PROJECT_VERSION = 1;
				DEVELOPMENT_TEAM = 582759BX86;
				GENERATE_INFOPLIST_FILE = YES;
				INFOPLIST_FILE = "ios-app/Info.plist";
				INFOPLIST_KEY_UIApplicationSupportsIndirectInputEvents = YES;
				INFOPLIST_KEY_UILaunchStoryboardName = LaunchScreen;
				INFOPLIST_KEY_UIMainStoryboardFile = Main;
				INFOPLIST_KEY_UISupportedInterfaceOrientations_iPad = "UIInterfaceOrientationPortrait UIInterfaceOrientationPortraitUpsideDown UIInterfaceOrientationLandscapeLeft UIInterfaceOrientationLandscapeRight";
				INFOPLIST_KEY_UISupportedInterfaceOrientations_iPhone = "UIInterfaceOrientationPortrait UIInterfaceOrientationLandscapeLeft UIInterfaceOrientationLandscapeRight";
				LD_RUNPATH_SEARCH_PATHS = (
					"$(inherited)",
					"@executable_path/Frameworks",
				);
				MARKETING_VERSION = 1.0;
				PRODUCT_BUNDLE_IDENTIFIER = "Datadog.ios-app";
				PRODUCT_NAME = "$(TARGET_NAME)";
				SWIFT_EMIT_LOC_STRINGS = YES;
				SWIFT_VERSION = 5.0;
				TARGETED_DEVICE_FAMILY = "1,2";
			};
			name = Release;
		};
		3FE41A8F2CBD680B001B60A1 /* Debug */ = {
			isa = XCBuildConfiguration;
			buildSettings = {
				ALWAYS_SEARCH_USER_PATHS = NO;
				ASSETCATALOG_COMPILER_GENERATE_SWIFT_ASSET_SYMBOL_EXTENSIONS = YES;
				CLANG_ANALYZER_NONNULL = YES;
				CLANG_ANALYZER_NUMBER_OBJECT_CONVERSION = YES_AGGRESSIVE;
				CLANG_CXX_LANGUAGE_STANDARD = "gnu++20";
				CLANG_ENABLE_MODULES = YES;
				CLANG_ENABLE_OBJC_ARC = YES;
				CLANG_ENABLE_OBJC_WEAK = YES;
				CLANG_WARN_BLOCK_CAPTURE_AUTORELEASING = YES;
				CLANG_WARN_BOOL_CONVERSION = YES;
				CLANG_WARN_COMMA = YES;
				CLANG_WARN_CONSTANT_CONVERSION = YES;
				CLANG_WARN_DEPRECATED_OBJC_IMPLEMENTATIONS = YES;
				CLANG_WARN_DIRECT_OBJC_ISA_USAGE = YES_ERROR;
				CLANG_WARN_DOCUMENTATION_COMMENTS = YES;
				CLANG_WARN_EMPTY_BODY = YES;
				CLANG_WARN_ENUM_CONVERSION = YES;
				CLANG_WARN_INFINITE_RECURSION = YES;
				CLANG_WARN_INT_CONVERSION = YES;
				CLANG_WARN_NON_LITERAL_NULL_CONVERSION = YES;
				CLANG_WARN_OBJC_IMPLICIT_RETAIN_SELF = YES;
				CLANG_WARN_OBJC_LITERAL_CONVERSION = YES;
				CLANG_WARN_OBJC_ROOT_CLASS = YES_ERROR;
				CLANG_WARN_QUOTED_INCLUDE_IN_FRAMEWORK_HEADER = YES;
				CLANG_WARN_RANGE_LOOP_ANALYSIS = YES;
				CLANG_WARN_STRICT_PROTOTYPES = YES;
				CLANG_WARN_SUSPICIOUS_MOVE = YES;
				CLANG_WARN_UNGUARDED_AVAILABILITY = YES_AGGRESSIVE;
				CLANG_WARN_UNREACHABLE_CODE = YES;
				CLANG_WARN__DUPLICATE_METHOD_MATCH = YES;
				COPY_PHASE_STRIP = NO;
				DEBUG_INFORMATION_FORMAT = dwarf;
				ENABLE_STRICT_OBJC_MSGSEND = YES;
				ENABLE_TESTABILITY = YES;
				ENABLE_USER_SCRIPT_SANDBOXING = YES;
				GCC_C_LANGUAGE_STANDARD = gnu17;
				GCC_DYNAMIC_NO_PIC = NO;
				GCC_NO_COMMON_BLOCKS = YES;
				GCC_OPTIMIZATION_LEVEL = 0;
				GCC_PREPROCESSOR_DEFINITIONS = (
					"DEBUG=1",
					"$(inherited)",
				);
				GCC_WARN_64_TO_32_BIT_CONVERSION = YES;
				GCC_WARN_ABOUT_RETURN_TYPE = YES_ERROR;
				GCC_WARN_UNDECLARED_SELECTOR = YES;
				GCC_WARN_UNINITIALIZED_AUTOS = YES_AGGRESSIVE;
				GCC_WARN_UNUSED_FUNCTION = YES;
				GCC_WARN_UNUSED_VARIABLE = YES;
				IPHONEOS_DEPLOYMENT_TARGET = 18.0;
				LOCALIZATION_PREFERS_STRING_CATALOGS = YES;
				MTL_ENABLE_DEBUG_INFO = INCLUDE_SOURCE;
				MTL_FAST_MATH = YES;
				ONLY_ACTIVE_ARCH = YES;
				SDKROOT = iphoneos;
				SWIFT_ACTIVE_COMPILATION_CONDITIONS = "DEBUG $(inherited)";
				SWIFT_OPTIMIZATION_LEVEL = "-Onone";
			};
			name = Debug;
		};
		3FE41A902CBD680B001B60A1 /* Release */ = {
			isa = XCBuildConfiguration;
			buildSettings = {
				ALWAYS_SEARCH_USER_PATHS = NO;
				ASSETCATALOG_COMPILER_GENERATE_SWIFT_ASSET_SYMBOL_EXTENSIONS = YES;
				CLANG_ANALYZER_NONNULL = YES;
				CLANG_ANALYZER_NUMBER_OBJECT_CONVERSION = YES_AGGRESSIVE;
				CLANG_CXX_LANGUAGE_STANDARD = "gnu++20";
				CLANG_ENABLE_MODULES = YES;
				CLANG_ENABLE_OBJC_ARC = YES;
				CLANG_ENABLE_OBJC_WEAK = YES;
				CLANG_WARN_BLOCK_CAPTURE_AUTORELEASING = YES;
				CLANG_WARN_BOOL_CONVERSION = YES;
				CLANG_WARN_COMMA = YES;
				CLANG_WARN_CONSTANT_CONVERSION = YES;
				CLANG_WARN_DEPRECATED_OBJC_IMPLEMENTATIONS = YES;
				CLANG_WARN_DIRECT_OBJC_ISA_USAGE = YES_ERROR;
				CLANG_WARN_DOCUMENTATION_COMMENTS = YES;
				CLANG_WARN_EMPTY_BODY = YES;
				CLANG_WARN_ENUM_CONVERSION = YES;
				CLANG_WARN_INFINITE_RECURSION = YES;
				CLANG_WARN_INT_CONVERSION = YES;
				CLANG_WARN_NON_LITERAL_NULL_CONVERSION = YES;
				CLANG_WARN_OBJC_IMPLICIT_RETAIN_SELF = YES;
				CLANG_WARN_OBJC_LITERAL_CONVERSION = YES;
				CLANG_WARN_OBJC_ROOT_CLASS = YES_ERROR;
				CLANG_WARN_QUOTED_INCLUDE_IN_FRAMEWORK_HEADER = YES;
				CLANG_WARN_RANGE_LOOP_ANALYSIS = YES;
				CLANG_WARN_STRICT_PROTOTYPES = YES;
				CLANG_WARN_SUSPICIOUS_MOVE = YES;
				CLANG_WARN_UNGUARDED_AVAILABILITY = YES_AGGRESSIVE;
				CLANG_WARN_UNREACHABLE_CODE = YES;
				CLANG_WARN__DUPLICATE_METHOD_MATCH = YES;
				COPY_PHASE_STRIP = NO;
				DEBUG_INFORMATION_FORMAT = "dwarf-with-dsym";
				ENABLE_NS_ASSERTIONS = NO;
				ENABLE_STRICT_OBJC_MSGSEND = YES;
				ENABLE_USER_SCRIPT_SANDBOXING = YES;
				GCC_C_LANGUAGE_STANDARD = gnu17;
				GCC_NO_COMMON_BLOCKS = YES;
				GCC_WARN_64_TO_32_BIT_CONVERSION = YES;
				GCC_WARN_ABOUT_RETURN_TYPE = YES_ERROR;
				GCC_WARN_UNDECLARED_SELECTOR = YES;
				GCC_WARN_UNINITIALIZED_AUTOS = YES_AGGRESSIVE;
				GCC_WARN_UNUSED_FUNCTION = YES;
				GCC_WARN_UNUSED_VARIABLE = YES;
				IPHONEOS_DEPLOYMENT_TARGET = 18.0;
				LOCALIZATION_PREFERS_STRING_CATALOGS = YES;
				MTL_ENABLE_DEBUG_INFO = NO;
				MTL_FAST_MATH = YES;
				SDKROOT = iphoneos;
				SWIFT_COMPILATION_MODE = wholemodule;
				VALIDATE_PRODUCT = YES;
			};
			name = Release;
		};
		3FE41A922CBD680B001B60A1 /* Debug */ = {
			isa = XCBuildConfiguration;
			buildSettings = {
				BUNDLE_LOADER = "$(TEST_HOST)";
				CODE_SIGN_STYLE = Automatic;
				CURRENT_PROJECT_VERSION = 1;
				DEVELOPMENT_TEAM = 582759BX86;
				GENERATE_INFOPLIST_FILE = YES;
				IPHONEOS_DEPLOYMENT_TARGET = 18.0;
				MARKETING_VERSION = 1.0;
				PRODUCT_BUNDLE_IDENTIFIER = "Datadog.ios-appTests";
				PRODUCT_NAME = "$(TARGET_NAME)";
				SWIFT_EMIT_LOC_STRINGS = NO;
				SWIFT_VERSION = 5.0;
				TARGETED_DEVICE_FAMILY = "1,2";
				TEST_HOST = "$(BUILT_PRODUCTS_DIR)/ios-app.app/$(BUNDLE_EXECUTABLE_FOLDER_PATH)/ios-app";
			};
			name = Debug;
		};
		3FE41A932CBD680B001B60A1 /* Release */ = {
			isa = XCBuildConfiguration;
			buildSettings = {
				BUNDLE_LOADER = "$(TEST_HOST)";
				CODE_SIGN_STYLE = Automatic;
				CURRENT_PROJECT_VERSION = 1;
				DEVELOPMENT_TEAM = 582759BX86;
				GENERATE_INFOPLIST_FILE = YES;
				IPHONEOS_DEPLOYMENT_TARGET = 18.0;
				MARKETING_VERSION = 1.0;
				PRODUCT_BUNDLE_IDENTIFIER = "Datadog.ios-appTests";
				PRODUCT_NAME = "$(TARGET_NAME)";
				SWIFT_EMIT_LOC_STRINGS = NO;
				SWIFT_VERSION = 5.0;
				TARGETED_DEVICE_FAMILY = "1,2";
				TEST_HOST = "$(BUILT_PRODUCTS_DIR)/ios-app.app/$(BUNDLE_EXECUTABLE_FOLDER_PATH)/ios-app";
			};
			name = Release;
		};
		3FE41A952CBD680B001B60A1 /* Debug */ = {
			isa = XCBuildConfiguration;
			buildSettings = {
				CODE_SIGN_STYLE = Automatic;
				CURRENT_PROJECT_VERSION = 1;
				DEVELOPMENT_TEAM = 582759BX86;
				GENERATE_INFOPLIST_FILE = YES;
				MARKETING_VERSION = 1.0;
				PRODUCT_BUNDLE_IDENTIFIER = "Datadog.ios-appUITests";
				PRODUCT_NAME = "$(TARGET_NAME)";
				SWIFT_EMIT_LOC_STRINGS = NO;
				SWIFT_VERSION = 5.0;
				TARGETED_DEVICE_FAMILY = "1,2";
				TEST_TARGET_NAME = "ios-app";
			};
			name = Debug;
		};
		3FE41A962CBD680B001B60A1 /* Release */ = {
			isa = XCBuildConfiguration;
			buildSettings = {
				CODE_SIGN_STYLE = Automatic;
				CURRENT_PROJECT_VERSION = 1;
				DEVELOPMENT_TEAM = 582759BX86;
				GENERATE_INFOPLIST_FILE = YES;
				MARKETING_VERSION = 1.0;
				PRODUCT_BUNDLE_IDENTIFIER = "Datadog.ios-appUITests";
				PRODUCT_NAME = "$(TARGET_NAME)";
				SWIFT_EMIT_LOC_STRINGS = NO;
				SWIFT_VERSION = 5.0;
				TARGETED_DEVICE_FAMILY = "1,2";
				TEST_TARGET_NAME = "ios-app";
			};
			name = Release;
		};
/* End XCBuildConfiguration section */

/* Begin XCConfigurationList section */
		3FE41A5E2CBD680A001B60A1 /* Build configuration list for PBXProject "ios-app" */ = {
			isa = XCConfigurationList;
			buildConfigurations = (
				3FE41A8F2CBD680B001B60A1 /* Debug */,
				3FE41A902CBD680B001B60A1 /* Release */,
			);
			defaultConfigurationIsVisible = 0;
			defaultConfigurationName = Release;
		};
		3FE41A8C2CBD680B001B60A1 /* Build configuration list for PBXNativeTarget "ios-app" */ = {
			isa = XCConfigurationList;
			buildConfigurations = (
				3FE41A8D2CBD680B001B60A1 /* Debug */,
				3FE41A8E2CBD680B001B60A1 /* Release */,
			);
			defaultConfigurationIsVisible = 0;
			defaultConfigurationName = Release;
		};
		3FE41A912CBD680B001B60A1 /* Build configuration list for PBXNativeTarget "ios-appTests" */ = {
			isa = XCConfigurationList;
			buildConfigurations = (
				3FE41A922CBD680B001B60A1 /* Debug */,
				3FE41A932CBD680B001B60A1 /* Release */,
			);
			defaultConfigurationIsVisible = 0;
			defaultConfigurationName = Release;
		};
		3FE41A942CBD680B001B60A1 /* Build configuration list for PBXNativeTarget "ios-appUITests" */ = {
			isa = XCConfigurationList;
			buildConfigurations = (
				3FE41A952CBD680B001B60A1 /* Debug */,
				3FE41A962CBD680B001B60A1 /* Release */,
			);
			defaultConfigurationIsVisible = 0;
			defaultConfigurationName = Release;
		};
/* End XCConfigurationList section */

/* Begin XCRemoteSwiftPackageReference section */
		3FE41A992CBD6898001B60A1 /* XCRemoteSwiftPackageReference "dd-sdk-ios" */ = {
			isa = XCRemoteSwiftPackageReference;
			repositoryURL = "https://github.com/DataDog/dd-sdk-ios";
			requirement = {
				kind = upToNextMajorVersion;
				minimumVersion = 2.18.0;
			};
		};
/* End XCRemoteSwiftPackageReference section */

/* Begin XCSwiftPackageProductDependency section */
		3FE41A9A2CBD6898001B60A1 /* DatadogCore */ = {
			isa = XCSwiftPackageProductDependency;
			package = 3FE41A992CBD6898001B60A1 /* XCRemoteSwiftPackageReference "dd-sdk-ios" */;
			productName = DatadogCore;
		};
		3FE41A9C2CBD6898001B60A1 /* DatadogCrashReporting */ = {
			isa = XCSwiftPackageProductDependency;
			package = 3FE41A992CBD6898001B60A1 /* XCRemoteSwiftPackageReference "dd-sdk-ios" */;
			productName = DatadogCrashReporting;
		};
		3FE41A9E2CBD6898001B60A1 /* DatadogLogs */ = {
			isa = XCSwiftPackageProductDependency;
			package = 3FE41A992CBD6898001B60A1 /* XCRemoteSwiftPackageReference "dd-sdk-ios" */;
			productName = DatadogLogs;
		};
		3FE41AA02CBD6898001B60A1 /* DatadogObjc */ = {
			isa = XCSwiftPackageProductDependency;
			package = 3FE41A992CBD6898001B60A1 /* XCRemoteSwiftPackageReference "dd-sdk-ios" */;
			productName = DatadogObjc;
		};
		3FE41AA22CBD6898001B60A1 /* DatadogRUM */ = {
			isa = XCSwiftPackageProductDependency;
			package = 3FE41A992CBD6898001B60A1 /* XCRemoteSwiftPackageReference "dd-sdk-ios" */;
			productName = DatadogRUM;
		};
		3FE41AA42CBD6898001B60A1 /* DatadogSessionReplay */ = {
			isa = XCSwiftPackageProductDependency;
			package = 3FE41A992CBD6898001B60A1 /* XCRemoteSwiftPackageReference "dd-sdk-ios" */;
			productName = DatadogSessionReplay;
		};
		3FE41AA62CBD6898001B60A1 /* DatadogTrace */ = {
			isa = XCSwiftPackageProductDependency;
			package = 3FE41A992CBD6898001B60A1 /* XCRemoteSwiftPackageReference "dd-sdk-ios" */;
			productName = DatadogTrace;
		};
		3FE41AA82CBD6898001B60A1 /* DatadogWebViewTracking */ = {
			isa = XCSwiftPackageProductDependency;
			package = 3FE41A992CBD6898001B60A1 /* XCRemoteSwiftPackageReference "dd-sdk-ios" */;
			productName = DatadogWebViewTracking;
		};
/* End XCSwiftPackageProductDependency section */
	};
	rootObject = 3FE41A5B2CBD680A001B60A1 /* Project object */;
}
